
Microsoft Visual Studio Solution File, Format Version 12.00
# Visual Studio Version 17
VisualStudioVersion = 17.2.32516.85
MinimumVisualStudioVersion = 10.0.40219.1
Project("{FAE04EC0-301F-11D3-BF4B-00C04F79EFBC}") = "Project", "Project.csproj", "{5F0F4C5D-941C-420E-8496-AD82E63055E7}"
EndProject
Global
	GlobalSection(SolutionConfigurationPlatforms) = preSolution
		Debug|Any CPU = Debug|Any CPU
		Release|Any CPU = Release|Any CPU
	EndGlobalSection
	GlobalSection(ProjectConfigurationPlatforms) = postSolution
		{5F0F4C5D-941C-420E-8496-AD82E63055E7}.Debug|Any CPU.ActiveCfg = Debug|Any CPU
		{5F0F4C5D-941C-420E-8496-AD82E63055E7}.Debug|Any CPU.Build.0 = Debug|Any CPU
		{5F0F4C5D-941C-420E-8496-AD82E63055E7}.Release|Any CPU.ActiveCfg = Release|Any CPU
		{5F0F4C5D-941C-420E-8496-AD82E63055E7}.Release|Any CPU.Build.0 = Release|Any CPU
	EndGlobalSection
	GlobalSection(SolutionProperties) = preSolution
		HideSolutionNode = FALSE
	EndGlobalSection
	GlobalSection(ExtensibilityGlobals) = postSolution
		SolutionGuid = {9BC94EDD-DA92-4D02-BA6E-1FDB9A4108C5}
	EndGlobalSection
EndGlobal
